
Microsoft Visual Studio Solution File, Format Version 12.00
Project("{FAE04EC0-301F-11D3-BF4B-00C04F79EFBC}") = "hAngular_Project", "hAngular_Project\hAngular_Project.csproj", "{8BAE0F33-73B6-43A2-BC71-9C8BCE4CEC5A}"
EndProject
Global
	GlobalSection(SolutionConfigurationPlatforms) = preSolution
		Debug|Any CPU = Debug|Any CPU
		Release|Any CPU = Release|Any CPU
	EndGlobalSection
	GlobalSection(ProjectConfigurationPlatforms) = postSolution
		{8BAE0F33-73B6-43A2-BC71-9C8BCE4CEC5A}.Debug|Any CPU.ActiveCfg = Debug|Any CPU
		{8BAE0F33-73B6-43A2-BC71-9C8BCE4CEC5A}.Debug|Any CPU.Build.0 = Debug|Any CPU
		{8BAE0F33-73B6-43A2-BC71-9C8BCE4CEC5A}.Release|Any CPU.ActiveCfg = Release|Any CPU
		{8BAE0F33-73B6-43A2-BC71-9C8BCE4CEC5A}.Release|Any CPU.Build.0 = Release|Any CPU
	EndGlobalSection
EndGlobal
